// !$*UTF8*$!
{
	archiveVersion = 1;
	classes = {
	};
	objectVersion = 50;
	objects = {

/* Begin PBXBuildFile section */
		9A33A64824321320001BD8E3 /* AppDelegate.swift in Sources */ = {isa = PBXBuildFile; fileRef = 9A33A64724321320001BD8E3 /* AppDelegate.swift */; };
		9A33A64A24321320001BD8E3 /* SceneDelegate.swift in Sources */ = {isa = PBXBuildFile; fileRef = 9A33A64924321320001BD8E3 /* SceneDelegate.swift */; };
		9A33A64C24321320001BD8E3 /* ViewController.swift in Sources */ = {isa = PBXBuildFile; fileRef = 9A33A64B24321320001BD8E3 /* ViewController.swift */; };
		9A33A64F24321320001BD8E3 /* Main.storyboard in Resources */ = {isa = PBXBuildFile; fileRef = 9A33A64D24321320001BD8E3 /* Main.storyboard */; };
		9A33A65224321320001BD8E3 /* Face_Recognizer.xcdatamodeld in Sources */ = {isa = PBXBuildFile; fileRef = 9A33A65024321320001BD8E3 /* Face_Recognizer.xcdatamodeld */; };
		9A33A65424321328001BD8E3 /* Assets.xcassets in Resources */ = {isa = PBXBuildFile; fileRef = 9A33A65324321328001BD8E3 /* Assets.xcassets */; };
		9A33A65724321328001BD8E3 /* LaunchScreen.storyboard in Resources */ = {isa = PBXBuildFile; fileRef = 9A33A65524321328001BD8E3 /* LaunchScreen.storyboard */; };
		9A33A66224321329001BD8E3 /* Face_RecognizerTests.swift in Sources */ = {isa = PBXBuildFile; fileRef = 9A33A66124321329001BD8E3 /* Face_RecognizerTests.swift */; };
		9A33A66D24321329001BD8E3 /* Face_RecognizerUITests.swift in Sources */ = {isa = PBXBuildFile; fileRef = 9A33A66C24321329001BD8E3 /* Face_RecognizerUITests.swift */; };
/* End PBXBuildFile section */

/* Begin PBXContainerItemProxy section */
		9A33A65E24321329001BD8E3 /* PBXContainerItemProxy */ = {
			isa = PBXContainerItemProxy;
			containerPortal = 9A33A63C2432131F001BD8E3 /* Project object */;
			proxyType = 1;
			remoteGlobalIDString = 9A33A64324321320001BD8E3;
			remoteInfo = "Face Recognizer";
		};
		9A33A66924321329001BD8E3 /* PBXContainerItemProxy */ = {
			isa = PBXContainerItemProxy;
			containerPortal = 9A33A63C2432131F001BD8E3 /* Project object */;
			proxyType = 1;
			remoteGlobalIDString = 9A33A64324321320001BD8E3;
			remoteInfo = "Face Recognizer";
		};
/* End PBXContainerItemProxy section */

/* Begin PBXFileReference section */
		9A33A64424321320001BD8E3 /* Face Recognizer.app */ = {isa = PBXFileReference; explicitFileType = wrapper.application; includeInIndex = 0; path = "Face Recognizer.app"; sourceTree = BUILT_PRODUCTS_DIR; };
		9A33A64724321320001BD8E3 /* AppDelegate.swift */ = {isa = PBXFileReference; lastKnownFileType = sourcecode.swift; path = AppDelegate.swift; sourceTree = "<group>"; };
		9A33A64924321320001BD8E3 /* SceneDelegate.swift */ = {isa = PBXFileReference; lastKnownFileType = sourcecode.swift; path = SceneDelegate.swift; sourceTree = "<group>"; };
		9A33A64B24321320001BD8E3 /* ViewController.swift */ = {isa = PBXFileReference; lastKnownFileType = sourcecode.swift; path = ViewController.swift; sourceTree = "<group>"; };
		9A33A64E24321320001BD8E3 /* Base */ = {isa = PBXFileReference; lastKnownFileType = file.storyboard; name = Base; path = Base.lproj/Main.storyboard; sourceTree = "<group>"; };
		9A33A65124321320001BD8E3 /* Face_Recognizer.xcdatamodel */ = {isa = PBXFileReference; lastKnownFileType = wrapper.xcdatamodel; path = Face_Recognizer.xcdatamodel; sourceTree = "<group>"; };
		9A33A65324321328001BD8E3 /* Assets.xcassets */ = {isa = PBXFileReference; lastKnownFileType = folder.assetcatalog; path = Assets.xcassets; sourceTree = "<group>"; };
		9A33A65624321328001BD8E3 /* Base */ = {isa = PBXFileReference; lastKnownFileType = file.storyboard; name = Base; path = Base.lproj/LaunchScreen.storyboard; sourceTree = "<group>"; };
		9A33A65824321328001BD8E3 /* Info.plist */ = {isa = PBXFileReference; lastKnownFileType = text.plist.xml; path = Info.plist; sourceTree = "<group>"; };
		9A33A65D24321329001BD8E3 /* Face RecognizerTests.xctest */ = {isa = PBXFileReference; explicitFileType = wrapper.cfbundle; includeInIndex = 0; path = "Face RecognizerTests.xctest"; sourceTree = BUILT_PRODUCTS_DIR; };
		9A33A66124321329001BD8E3 /* Face_RecognizerTests.swift */ = {isa = PBXFileReference; lastKnownFileType = sourcecode.swift; path = Face_RecognizerTests.swift; sourceTree = "<group>"; };
		9A33A66324321329001BD8E3 /* Info.plist */ = {isa = PBXFileReference; lastKnownFileType = text.plist.xml; path = Info.plist; sourceTree = "<group>"; };
		9A33A66824321329001BD8E3 /* Face RecognizerUITests.xctest */ = {isa = PBXFileReference; explicitFileType = wrapper.cfbundle; includeInIndex = 0; path = "Face RecognizerUITests.xctest"; sourceTree = BUILT_PRODUCTS_DIR; };
		9A33A66C24321329001BD8E3 /* Face_RecognizerUITests.swift */ = {isa = PBXFileReference; lastKnownFileType = sourcecode.swift; path = Face_RecognizerUITests.swift; sourceTree = "<group>"; };
		9A33A66E24321329001BD8E3 /* Info.plist */ = {isa = PBXFileReference; lastKnownFileType = text.plist.xml; path = Info.plist; sourceTree = "<group>"; };
/* End PBXFileReference section */

/* Begin PBXFrameworksBuildPhase section */
		9A33A64124321320001BD8E3 /* Frameworks */ = {
			isa = PBXFrameworksBuildPhase;
			buildActionMask = 2147483647;
			files = (
			);
			runOnlyForDeploymentPostprocessing = 0;
		};
		9A33A65A24321329001BD8E3 /* Frameworks */ = {
			isa = PBXFrameworksBuildPhase;
			buildActionMask = 2147483647;
			files = (
			);
			runOnlyForDeploymentPostprocessing = 0;
		};
		9A33A66524321329001BD8E3 /* Frameworks */ = {
			isa = PBXFrameworksBuildPhase;
			buildActionMask = 2147483647;
			files = (
			);
			runOnlyForDeploymentPostprocessing = 0;
		};
/* End PBXFrameworksBuildPhase section */

/* Begin PBXGroup section */
		9A33A63B2432131F001BD8E3 = {
			isa = PBXGroup;
			children = (
				9A33A64624321320001BD8E3 /* Face Recognizer */,
				9A33A66024321329001BD8E3 /* Face RecognizerTests */,
				9A33A66B24321329001BD8E3 /* Face RecognizerUITests */,
				9A33A64524321320001BD8E3 /* Products */,
			);
			sourceTree = "<group>";
		};
		9A33A64524321320001BD8E3 /* Products */ = {
			isa = PBXGroup;
			children = (
				9A33A64424321320001BD8E3 /* Face Recognizer.app */,
				9A33A65D24321329001BD8E3 /* Face RecognizerTests.xctest */,
				9A33A66824321329001BD8E3 /* Face RecognizerUITests.xctest */,
			);
			name = Products;
			sourceTree = "<group>";
		};
		9A33A64624321320001BD8E3 /* Face Recognizer */ = {
			isa = PBXGroup;
			children = (
				9A33A64724321320001BD8E3 /* AppDelegate.swift */,
				9A33A64924321320001BD8E3 /* SceneDelegate.swift */,
				9A33A64B24321320001BD8E3 /* ViewController.swift */,
				9A33A64D24321320001BD8E3 /* Main.storyboard */,
				9A33A65324321328001BD8E3 /* Assets.xcassets */,
				9A33A65524321328001BD8E3 /* LaunchScreen.storyboard */,
				9A33A65824321328001BD8E3 /* Info.plist */,
				9A33A65024321320001BD8E3 /* Face_Recognizer.xcdatamodeld */,
			);
			path = "Face Recognizer";
			sourceTree = "<group>";
		};
		9A33A66024321329001BD8E3 /* Face RecognizerTests */ = {
			isa = PBXGroup;
			children = (
				9A33A66124321329001BD8E3 /* Face_RecognizerTests.swift */,
				9A33A66324321329001BD8E3 /* Info.plist */,
			);
			path = "Face RecognizerTests";
			sourceTree = "<group>";
		};
		9A33A66B24321329001BD8E3 /* Face RecognizerUITests */ = {
			isa = PBXGroup;
			children = (
				9A33A66C24321329001BD8E3 /* Face_RecognizerUITests.swift */,
				9A33A66E24321329001BD8E3 /* Info.plist */,
			);
			path = "Face RecognizerUITests";
			sourceTree = "<group>";
		};
/* End PBXGroup section */

/* Begin PBXNativeTarget section */
		9A33A64324321320001BD8E3 /* Face Recognizer */ = {
			isa = PBXNativeTarget;
			buildConfigurationList = 9A33A67124321329001BD8E3 /* Build configuration list for PBXNativeTarget "Face Recognizer" */;
			buildPhases = (
				9A33A64024321320001BD8E3 /* Sources */,
				9A33A64124321320001BD8E3 /* Frameworks */,
				9A33A64224321320001BD8E3 /* Resources */,
			);
			buildRules = (
			);
			dependencies = (
			);
			name = "Face Recognizer";
			productName = "Face Recognizer";
			productReference = 9A33A64424321320001BD8E3 /* Face Recognizer.app */;
			productType = "com.apple.product-type.application";
		};
		9A33A65C24321329001BD8E3 /* Face RecognizerTests */ = {
			isa = PBXNativeTarget;
			buildConfigurationList = 9A33A67424321329001BD8E3 /* Build configuration list for PBXNativeTarget "Face RecognizerTests" */;
			buildPhases = (
				9A33A65924321329001BD8E3 /* Sources */,
				9A33A65A24321329001BD8E3 /* Frameworks */,
				9A33A65B24321329001BD8E3 /* Resources */,
			);
			buildRules = (
			);
			dependencies = (
				9A33A65F24321329001BD8E3 /* PBXTargetDependency */,
			);
			name = "Face RecognizerTests";
			productName = "Face RecognizerTests";
			productReference = 9A33A65D24321329001BD8E3 /* Face RecognizerTests.xctest */;
			productType = "com.apple.product-type.bundle.unit-test";
		};
		9A33A66724321329001BD8E3 /* Face RecognizerUITests */ = {
			isa = PBXNativeTarget;
			buildConfigurationList = 9A33A67724321329001BD8E3 /* Build configuration list for PBXNativeTarget "Face RecognizerUITests" */;
			buildPhases = (
				9A33A66424321329001BD8E3 /* Sources */,
				9A33A66524321329001BD8E3 /* Frameworks */,
				9A33A66624321329001BD8E3 /* Resources */,
			);
			buildRules = (
			);
			dependencies = (
				9A33A66A24321329001BD8E3 /* PBXTargetDependency */,
			);
			name = "Face RecognizerUITests";
			productName = "Face RecognizerUITests";
			productReference = 9A33A66824321329001BD8E3 /* Face RecognizerUITests.xctest */;
			productType = "com.apple.product-type.bundle.ui-testing";
		};
/* End PBXNativeTarget section */

/* Begin PBXProject section */
		9A33A63C2432131F001BD8E3 /* Project object */ = {
			isa = PBXProject;
			attributes = {
				LastSwiftUpdateCheck = 1130;
				LastUpgradeCheck = 1130;
				ORGANIZATIONNAME = "Majdi Felah";
				TargetAttributes = {
					9A33A64324321320001BD8E3 = {
						CreatedOnToolsVersion = 11.3.1;
					};
					9A33A65C24321329001BD8E3 = {
						CreatedOnToolsVersion = 11.3.1;
						TestTargetID = 9A33A64324321320001BD8E3;
					};
					9A33A66724321329001BD8E3 = {
						CreatedOnToolsVersion = 11.3.1;
						TestTargetID = 9A33A64324321320001BD8E3;
					};
				};
			};
			buildConfigurationList = 9A33A63F2432131F001BD8E3 /* Build configuration list for PBXProject "Face Recognizer" */;
			compatibilityVersion = "Xcode 9.3";
			developmentRegion = en;
			hasScannedForEncodings = 0;
			knownRegions = (
				en,
				Base,
			);
			mainGroup = 9A33A63B2432131F001BD8E3;
			productRefGroup = 9A33A64524321320001BD8E3 /* Products */;
			projectDirPath = "";
			projectRoot = "";
			targets = (
				9A33A64324321320001BD8E3 /* Face Recognizer */,
				9A33A65C24321329001BD8E3 /* Face RecognizerTests */,
				9A33A66724321329001BD8E3 /* Face RecognizerUITests */,
			);
		};
/* End PBXProject section */

/* Begin PBXResourcesBuildPhase section */
		9A33A64224321320001BD8E3 /* Resources */ = {
			isa = PBXResourcesBuildPhase;
			buildActionMask = 2147483647;
			files = (
				9A33A65724321328001BD8E3 /* LaunchScreen.storyboard in Resources */,
				9A33A65424321328001BD8E3 /* Assets.xcassets in Resources */,
				9A33A64F24321320001BD8E3 /* Main.storyboard in Resources */,
			);
			runOnlyForDeploymentPostprocessing = 0;
		};
		9A33A65B24321329001BD8E3 /* Resources */ = {
			isa = PBXResourcesBuildPhase;
			buildActionMask = 2147483647;
			files = (
			);
			runOnlyForDeploymentPostprocessing = 0;
		};
		9A33A66624321329001BD8E3 /* Resources */ = {
			isa = PBXResourcesBuildPhase;
			buildActionMask = 2147483647;
			files = (
			);
			runOnlyForDeploymentPostprocessing = 0;
		};
/* End PBXResourcesBuildPhase section */

/* Begin PBXSourcesBuildPhase section */
		9A33A64024321320001BD8E3 /* Sources */ = {
			isa = PBXSourcesBuildPhase;
			buildActionMask = 2147483647;
			files = (
				9A33A64C24321320001BD8E3 /* ViewController.swift in Sources */,
				9A33A64824321320001BD8E3 /* AppDelegate.swift in Sources */,
				9A33A65224321320001BD8E3 /* Face_Recognizer.xcdatamodeld in Sources */,
				9A33A64A24321320001BD8E3 /* SceneDelegate.swift in Sources */,
			);
			runOnlyForDeploymentPostprocessing = 0;
		};
		9A33A65924321329001BD8E3 /* Sources */ = {
			isa = PBXSourcesBuildPhase;
			buildActionMask = 2147483647;
			files = (
				9A33A66224321329001BD8E3 /* Face_RecognizerTests.swift in Sources */,
			);
			runOnlyForDeploymentPostprocessing = 0;
		};
		9A33A66424321329001BD8E3 /* Sources */ = {
			isa = PBXSourcesBuildPhase;
			buildActionMask = 2147483647;
			files = (
				9A33A66D24321329001BD8E3 /* Face_RecognizerUITests.swift in Sources */,
			);
			runOnlyForDeploymentPostprocessing = 0;
		};
/* End PBXSourcesBuildPhase section */

/* Begin PBXTargetDependency section */
		9A33A65F24321329001BD8E3 /* PBXTargetDependency */ = {
			isa = PBXTargetDependency;
			target = 9A33A64324321320001BD8E3 /* Face Recognizer */;
			targetProxy = 9A33A65E24321329001BD8E3 /* PBXContainerItemProxy */;
		};
		9A33A66A24321329001BD8E3 /* PBXTargetDependency */ = {
			isa = PBXTargetDependency;
			target = 9A33A64324321320001BD8E3 /* Face Recognizer */;
			targetProxy = 9A33A66924321329001BD8E3 /* PBXContainerItemProxy */;
		};
/* End PBXTargetDependency section */

/* Begin PBXVariantGroup section */
		9A33A64D24321320001BD8E3 /* Main.storyboard */ = {
			isa = PBXVariantGroup;
			children = (
				9A33A64E24321320001BD8E3 /* Base */,
			);
			name = Main.storyboard;
			sourceTree = "<group>";
		};
		9A33A65524321328001BD8E3 /* LaunchScreen.storyboard */ = {
			isa = PBXVariantGroup;
			children = (
				9A33A65624321328001BD8E3 /* Base */,
			);
			name = LaunchScreen.storyboard;
			sourceTree = "<group>";
		};
/* End PBXVariantGroup section */

/* Begin XCBuildConfiguration section */
		9A33A66F24321329001BD8E3 /* Debug */ = {
			isa = XCBuildConfiguration;
			buildSettings = {
				ALWAYS_SEARCH_USER_PATHS = NO;
				CLANG_ANALYZER_NONNULL = YES;
				CLANG_ANALYZER_NUMBER_OBJECT_CONVERSION = YES_AGGRESSIVE;
				CLANG_CXX_LANGUAGE_STANDARD = "gnu++14";
				CLANG_CXX_LIBRARY = "libc++";
				CLANG_ENABLE_MODULES = YES;
				CLANG_ENABLE_OBJC_ARC = YES;
				CLANG_ENABLE_OBJC_WEAK = YES;
				CLANG_WARN_BLOCK_CAPTURE_AUTORELEASING = YES;
				CLANG_WARN_BOOL_CONVERSION = YES;
				CLANG_WARN_COMMA = YES;
				CLANG_WARN_CONSTANT_CONVERSION = YES;
				CLANG_WARN_DEPRECATED_OBJC_IMPLEMENTATIONS = YES;
				CLANG_WARN_DIRECT_OBJC_ISA_USAGE = YES_ERROR;
				CLANG_WARN_DOCUMENTATION_COMMENTS = YES;
				CLANG_WARN_EMPTY_BODY = YES;
				CLANG_WARN_ENUM_CONVERSION = YES;
				CLANG_WARN_INFINITE_RECURSION = YES;
				CLANG_WARN_INT_CONVERSION = YES;
				CLANG_WARN_NON_LITERAL_NULL_CONVERSION = YES;
				CLANG_WARN_OBJC_IMPLICIT_RETAIN_SELF = YES;
				CLANG_WARN_OBJC_LITERAL_CONVERSION = YES;
				CLANG_WARN_OBJC_ROOT_CLASS = YES_ERROR;
				CLANG_WARN_RANGE_LOOP_ANALYSIS = YES;
				CLANG_WARN_STRICT_PROTOTYPES = YES;
				CLANG_WARN_SUSPICIOUS_MOVE = YES;
				CLANG_WARN_UNGUARDED_AVAILABILITY = YES_AGGRESSIVE;
				CLANG_WARN_UNREACHABLE_CODE = YES;
				CLANG_WARN__DUPLICATE_METHOD_MATCH = YES;
				COPY_PHASE_STRIP = NO;
				DEBUG_INFORMATION_FORMAT = dwarf;
				ENABLE_STRICT_OBJC_MSGSEND = YES;
				ENABLE_TESTABILITY = YES;
				GCC_C_LANGUAGE_STANDARD = gnu11;
				GCC_DYNAMIC_NO_PIC = NO;
				GCC_NO_COMMON_BLOCKS = YES;
				GCC_OPTIMIZATION_LEVEL = 0;
				GCC_PREPROCESSOR_DEFINITIONS = (
					"DEBUG=1",
					"$(inherited)",
				);
				GCC_WARN_64_TO_32_BIT_CONVERSION = YES;
				GCC_WARN_ABOUT_RETURN_TYPE = YES_ERROR;
				GCC_WARN_UNDECLARED_SELECTOR = YES;
				GCC_WARN_UNINITIALIZED_AUTOS = YES_AGGRESSIVE;
				GCC_WARN_UNUSED_FUNCTION = YES;
				GCC_WARN_UNUSED_VARIABLE = YES;
				IPHONEOS_DEPLOYMENT_TARGET = 13.2;
				MTL_ENABLE_DEBUG_INFO = INCLUDE_SOURCE;
				MTL_FAST_MATH = YES;
				ONLY_ACTIVE_ARCH = YES;
				SDKROOT = iphoneos;
				SWIFT_ACTIVE_COMPILATION_CONDITIONS = DEBUG;
				SWIFT_OPTIMIZATION_LEVEL = "-Onone";
			};
			name = Debug;
		};
		9A33A67024321329001BD8E3 /* Release */ = {
			isa = XCBuildConfiguration;
			buildSettings = {
				ALWAYS_SEARCH_USER_PATHS = NO;
				CLANG_ANALYZER_NONNULL = YES;
				CLANG_ANALYZER_NUMBER_OBJECT_CONVERSION = YES_AGGRESSIVE;
				CLANG_CXX_LANGUAGE_STANDARD = "gnu++14";
				CLANG_CXX_LIBRARY = "libc++";
				CLANG_ENABLE_MODULES = YES;
				CLANG_ENABLE_OBJC_ARC = YES;
				CLANG_ENABLE_OBJC_WEAK = YES;
				CLANG_WARN_BLOCK_CAPTURE_AUTORELEASING = YES;
				CLANG_WARN_BOOL_CONVERSION = YES;
				CLANG_WARN_COMMA = YES;
				CLANG_WARN_CONSTANT_CONVERSION = YES;
				CLANG_WARN_DEPRECATED_OBJC_IMPLEMENTATIONS = YES;
				CLANG_WARN_DIRECT_OBJC_ISA_USAGE = YES_ERROR;
				CLANG_WARN_DOCUMENTATION_COMMENTS = YES;
				CLANG_WARN_EMPTY_BODY = YES;
				CLANG_WARN_ENUM_CONVERSION = YES;
				CLANG_WARN_INFINITE_RECURSION = YES;
				CLANG_WARN_INT_CONVERSION = YES;
				CLANG_WARN_NON_LITERAL_NULL_CONVERSION = YES;
				CLANG_WARN_OBJC_IMPLICIT_RETAIN_SELF = YES;
				CLANG_WARN_OBJC_LITERAL_CONVERSION = YES;
				CLANG_WARN_OBJC_ROOT_CLASS = YES_ERROR;
				CLANG_WARN_RANGE_LOOP_ANALYSIS = YES;
				CLANG_WARN_STRICT_PROTOTYPES = YES;
				CLANG_WARN_SUSPICIOUS_MOVE = YES;
				CLANG_WARN_UNGUARDED_AVAILABILITY = YES_AGGRESSIVE;
				CLANG_WARN_UNREACHABLE_CODE = YES;
				CLANG_WARN__DUPLICATE_METHOD_MATCH = YES;
				COPY_PHASE_STRIP = NO;
				DEBUG_INFORMATION_FORMAT = "dwarf-with-dsym";
				ENABLE_NS_ASSERTIONS = NO;
				ENABLE_STRICT_OBJC_MSGSEND = YES;
				GCC_C_LANGUAGE_STANDARD = gnu11;
				GCC_NO_COMMON_BLOCKS = YES;
				GCC_WARN_64_TO_32_BIT_CONVERSION = YES;
				GCC_WARN_ABOUT_RETURN_TYPE = YES_ERROR;
				GCC_WARN_UNDECLARED_SELECTOR = YES;
				GCC_WARN_UNINITIALIZED_AUTOS = YES_AGGRESSIVE;
				GCC_WARN_UNUSED_FUNCTION = YES;
				GCC_WARN_UNUSED_VARIABLE = YES;
				IPHONEOS_DEPLOYMENT_TARGET = 13.2;
				MTL_ENABLE_DEBUG_INFO = NO;
				MTL_FAST_MATH = YES;
				SDKROOT = iphoneos;
				SWIFT_COMPILATION_MODE = wholemodule;
				SWIFT_OPTIMIZATION_LEVEL = "-O";
				VALIDATE_PRODUCT = YES;
			};
			name = Release;
		};
		9A33A67224321329001BD8E3 /* Debug */ = {
			isa = XCBuildConfiguration;
			buildSettings = {
				ASSETCATALOG_COMPILER_APPICON_NAME = AppIcon;
				CODE_SIGN_STYLE = Automatic;
				INFOPLIST_FILE = "Face Recognizer/Info.plist";
				LD_RUNPATH_SEARCH_PATHS = (
					"$(inherited)",
					"@executable_path/Frameworks",
				);
				PRODUCT_BUNDLE_IDENTIFIER = "com.felah.majdi.Face-Recognizer";
				PRODUCT_NAME = "$(TARGET_NAME)";
				SWIFT_VERSION = 5.0;
				TARGETED_DEVICE_FAMILY = "1,2";
			};
			name = Debug;
		};
		9A33A67324321329001BD8E3 /* Release */ = {
			isa = XCBuildConfiguration;
			buildSettings = {
				ASSETCATALOG_COMPILER_APPICON_NAME = AppIcon;
				CODE_SIGN_STYLE = Automatic;
				INFOPLIST_FILE = "Face Recognizer/Info.plist";
				LD_RUNPATH_SEARCH_PATHS = (
					"$(inherited)",
					"@executable_path/Frameworks",
				);
				PRODUCT_BUNDLE_IDENTIFIER = "com.felah.majdi.Face-Recognizer";
				PRODUCT_NAME = "$(TARGET_NAME)";
				SWIFT_VERSION = 5.0;
				TARGETED_DEVICE_FAMILY = "1,2";
			};
			name = Release;
		};
		9A33A67524321329001BD8E3 /* Debug */ = {
			isa = XCBuildConfiguration;
			buildSettings = {
				ALWAYS_EMBED_SWIFT_STANDARD_LIBRARIES = YES;
				BUNDLE_LOADER = "$(TEST_HOST)";
				CODE_SIGN_STYLE = Automatic;
				INFOPLIST_FILE = "Face RecognizerTests/Info.plist";
				IPHONEOS_DEPLOYMENT_TARGET = 13.2;
				LD_RUNPATH_SEARCH_PATHS = (
					"$(inherited)",
					"@executable_path/Frameworks",
					"@loader_path/Frameworks",
				);
				PRODUCT_BUNDLE_IDENTIFIER = "com.felah.majdi.Face-RecognizerTests";
				PRODUCT_NAME = "$(TARGET_NAME)";
				SWIFT_VERSION = 5.0;
				TARGETED_DEVICE_FAMILY = "1,2";
				TEST_HOST = "$(BUILT_PRODUCTS_DIR)/Face Recognizer.app/Face Recognizer";
			};
			name = Debug;
		};
		9A33A67624321329001BD8E3 /* Release */ = {
			isa = XCBuildConfiguration;
			buildSettings = {
				ALWAYS_EMBED_SWIFT_STANDARD_LIBRARIES = YES;
				BUNDLE_LOADER = "$(TEST_HOST)";
				CODE_SIGN_STYLE = Automatic;
				INFOPLIST_FILE = "Face RecognizerTests/Info.plist";
				IPHONEOS_DEPLOYMENT_TARGET = 13.2;
				LD_RUNPATH_SEARCH_PATHS = (
					"$(inherited)",
					"@executable_path/Frameworks",
					"@loader_path/Frameworks",
				);
				PRODUCT_BUNDLE_IDENTIFIER = "com.felah.majdi.Face-RecognizerTests";
				PRODUCT_NAME = "$(TARGET_NAME)";
				SWIFT_VERSION = 5.0;
				TARGETED_DEVICE_FAMILY = "1,2";
				TEST_HOST = "$(BUILT_PRODUCTS_DIR)/Face Recognizer.app/Face Recognizer";
			};
			name = Release;
		};
		9A33A67824321329001BD8E3 /* Debug */ = {
			isa = XCBuildConfiguration;
			buildSettings = {
				ALWAYS_EMBED_SWIFT_STANDARD_LIBRARIES = YES;
				CODE_SIGN_STYLE = Automatic;
				INFOPLIST_FILE = "Face RecognizerUITests/Info.plist";
				LD_RUNPATH_SEARCH_PATHS = (
					"$(inherited)",
					"@executable_path/Frameworks",
					"@loader_path/Frameworks",
				);
				PRODUCT_BUNDLE_IDENTIFIER = "com.felah.majdi.Face-RecognizerUITests";
				PRODUCT_NAME = "$(TARGET_NAME)";
				SWIFT_VERSION = 5.0;
				TARGETED_DEVICE_FAMILY = "1,2";
				TEST_TARGET_NAME = "Face Recognizer";
			};
			name = Debug;
		};
		9A33A67924321329001BD8E3 /* Release */ = {
			isa = XCBuildConfiguration;
			buildSettings = {
				ALWAYS_EMBED_SWIFT_STANDARD_LIBRARIES = YES;
				CODE_SIGN_STYLE = Automatic;
				INFOPLIST_FILE = "Face RecognizerUITests/Info.plist";
				LD_RUNPATH_SEARCH_PATHS = (
					"$(inherited)",
					"@executable_path/Frameworks",
					"@loader_path/Frameworks",
				);
				PRODUCT_BUNDLE_IDENTIFIER = "com.felah.majdi.Face-RecognizerUITests";
				PRODUCT_NAME = "$(TARGET_NAME)";
				SWIFT_VERSION = 5.0;
				TARGETED_DEVICE_FAMILY = "1,2";
				TEST_TARGET_NAME = "Face Recognizer";
			};
			name = Release;
		};
/* End XCBuildConfiguration section */

/* Begin XCConfigurationList section */
		9A33A63F2432131F001BD8E3 /* Build configuration list for PBXProject "Face Recognizer" */ = {
			isa = XCConfigurationList;
			buildConfigurations = (
				9A33A66F24321329001BD8E3 /* Debug */,
				9A33A67024321329001BD8E3 /* Release */,
			);
			defaultConfigurationIsVisible = 0;
			defaultConfigurationName = Release;
		};
		9A33A67124321329001BD8E3 /* Build configuration list for PBXNativeTarget "Face Recognizer" */ = {
			isa = XCConfigurationList;
			buildConfigurations = (
				9A33A67224321329001BD8E3 /* Debug */,
				9A33A67324321329001BD8E3 /* Release */,
			);
			defaultConfigurationIsVisible = 0;
			defaultConfigurationName = Release;
		};
		9A33A67424321329001BD8E3 /* Build configuration list for PBXNativeTarget "Face RecognizerTests" */ = {
			isa = XCConfigurationList;
			buildConfigurations = (
				9A33A67524321329001BD8E3 /* Debug */,
				9A33A67624321329001BD8E3 /* Release */,
			);
			defaultConfigurationIsVisible = 0;
			defaultConfigurationName = Release;
		};
		9A33A67724321329001BD8E3 /* Build configuration list for PBXNativeTarget "Face RecognizerUITests" */ = {
			isa = XCConfigurationList;
			buildConfigurations = (
				9A33A67824321329001BD8E3 /* Debug */,
				9A33A67924321329001BD8E3 /* Release */,
			);
			defaultConfigurationIsVisible = 0;
			defaultConfigurationName = Release;
		};
/* End XCConfigurationList section */

/* Begin XCVersionGroup section */
		9A33A65024321320001BD8E3 /* Face_Recognizer.xcdatamodeld */ = {
			isa = XCVersionGroup;
			children = (
				9A33A65124321320001BD8E3 /* Face_Recognizer.xcdatamodel */,
			);
			currentVersion = 9A33A65124321320001BD8E3 /* Face_Recognizer.xcdatamodel */;
			path = Face_Recognizer.xcdatamodeld;
			sourceTree = "<group>";
			versionGroupType = wrapper.xcdatamodel;
		};
/* End XCVersionGroup section */
	};
	rootObject = 9A33A63C2432131F001BD8E3 /* Project object */;
}
